
Microsoft Visual Studio Solution File, Format Version 12.00
# Visual Studio Version 17
VisualStudioVersion = 17.0.31903.59
MinimumVisualStudioVersion = 10.0.40219.1
Project("{FAE04EC0-301F-11D3-BF4B-00C04F79EFBC}") = "advent_1", "advent_1\advent_1.csproj", "{724914E9-DD77-4415-A67D-9363BA779574}"
EndProject
Project("{FAE04EC0-301F-11D3-BF4B-00C04F79EFBC}") = "advent_2", "advent_2\advent_2.csproj", "{C5880A2D-A548-4E24-8E1E-3CC79AE61DCD}"
EndProject
Project("{FAE04EC0-301F-11D3-BF4B-00C04F79EFBC}") = "advent_3", "advent_3\advent_3.csproj", "{260F898E-1960-4C8D-99D1-08031DC1B8F0}"
EndProject
Project("{FAE04EC0-301F-11D3-BF4B-00C04F79EFBC}") = "advent_4", "advent_4\advent_4.csproj", "{CB901576-7F68-40FC-AD97-DFAEA430F4BF}"
EndProject
Project("{FAE04EC0-301F-11D3-BF4B-00C04F79EFBC}") = "advent_5", "advent_5\advent_5.csproj", "{237D36B8-E619-49B1-932E-375E24FF0CCD}"
EndProject
Project("{FAE04EC0-301F-11D3-BF4B-00C04F79EFBC}") = "advent_6", "advent_6\advent_6.csproj", "{A15BCEAA-7205-43FE-93BE-18526A6B7108}"
EndProject
Project("{FAE04EC0-301F-11D3-BF4B-00C04F79EFBC}") = "advent_7", "advent_7\advent_7.csproj", "{70AD80D4-9182-4586-A808-813AF4742FAF}"
EndProject
Project("{FAE04EC0-301F-11D3-BF4B-00C04F79EFBC}") = "advent_8", "advent_8\advent_8.csproj", "{AF933BC7-C6AF-486B-A1EE-3553144D3997}"
EndProject
Project("{FAE04EC0-301F-11D3-BF4B-00C04F79EFBC}") = "advent_9", "advent_9\advent_9.csproj", "{E84E4505-A9C2-41DF-9C04-D1795534B35D}"
EndProject
Project("{FAE04EC0-301F-11D3-BF4B-00C04F79EFBC}") = "advent_10", "advent_10\advent_10.csproj", "{6A9F232D-457A-485A-AA74-F0F9CF5CA8D7}"
EndProject
Project("{FAE04EC0-301F-11D3-BF4B-00C04F79EFBC}") = "advent_11", "advent_11\advent_11.csproj", "{932098BA-04CB-4A75-8EC1-37A065B51357}"
EndProject
Project("{FAE04EC0-301F-11D3-BF4B-00C04F79EFBC}") = "advent_12", "advent_12\advent_12.csproj", "{11A30954-A385-4916-832A-301E24A3E5DF}"
EndProject
Project("{FAE04EC0-301F-11D3-BF4B-00C04F79EFBC}") = "advent_13", "advent_13\advent_13.csproj", "{D967E66A-F83B-4180-B3F9-9F1F6EC1C5B3}"
EndProject
Project("{FAE04EC0-301F-11D3-BF4B-00C04F79EFBC}") = "advent_14", "advent_14\advent_14.csproj", "{7259BBC6-6947-4591-9A7D-B5AC06C2491C}"
EndProject
Project("{FAE04EC0-301F-11D3-BF4B-00C04F79EFBC}") = "advent_15", "advent_15\advent_15.csproj", "{50CB3966-05C8-439B-A54F-68CD5E66AAE4}"
EndProject
Project("{FAE04EC0-301F-11D3-BF4B-00C04F79EFBC}") = "advent_16", "advent_16\advent_16.csproj", "{E9DCCE8C-7901-496C-BB23-F9E006995590}"
EndProject
Project("{FAE04EC0-301F-11D3-BF4B-00C04F79EFBC}") = "advent_16_p2", "advent_16_p2\advent_16_p2.csproj", "{C3023442-4AB2-4AB2-AFDA-7410B8551B0F}"
EndProject
Project("{FAE04EC0-301F-11D3-BF4B-00C04F79EFBC}") = "advent_17", "advent_17\advent_17.csproj", "{AC7C005A-8211-4E1E-9B0B-E46B2081E86C}"
EndProject
Project("{FAE04EC0-301F-11D3-BF4B-00C04F79EFBC}") = "advent_18", "advent_18\advent_18.csproj", "{D7FB0749-480B-4E7B-A68F-C2A37DBB4E12}"
EndProject
Project("{FAE04EC0-301F-11D3-BF4B-00C04F79EFBC}") = "advent_19", "advent_19\advent_19.csproj", "{7F3F395C-1CAE-4F79-AF5D-208BD52E622D}"
EndProject
Project("{FAE04EC0-301F-11D3-BF4B-00C04F79EFBC}") = "advent_21", "advent_21\advent_21.csproj", "{35041160-D2D0-43EC-A55D-1B7ED74762A9}"
EndProject
Project("{FAE04EC0-301F-11D3-BF4B-00C04F79EFBC}") = "advent_22", "advent_22\advent_22.csproj", "{8D5D0A4A-0549-4962-8A60-76233559381D}"
EndProject
Global
	GlobalSection(SolutionConfigurationPlatforms) = preSolution
		Debug|Any CPU = Debug|Any CPU
		Release|Any CPU = Release|Any CPU
	EndGlobalSection
	GlobalSection(SolutionProperties) = preSolution
		HideSolutionNode = FALSE
	EndGlobalSection
	GlobalSection(ProjectConfigurationPlatforms) = postSolution
		{724914E9-DD77-4415-A67D-9363BA779574}.Debug|Any CPU.ActiveCfg = Debug|Any CPU
		{724914E9-DD77-4415-A67D-9363BA779574}.Debug|Any CPU.Build.0 = Debug|Any CPU
		{724914E9-DD77-4415-A67D-9363BA779574}.Release|Any CPU.ActiveCfg = Release|Any CPU
		{724914E9-DD77-4415-A67D-9363BA779574}.Release|Any CPU.Build.0 = Release|Any CPU
		{C5880A2D-A548-4E24-8E1E-3CC79AE61DCD}.Debug|Any CPU.ActiveCfg = Debug|Any CPU
		{C5880A2D-A548-4E24-8E1E-3CC79AE61DCD}.Debug|Any CPU.Build.0 = Debug|Any CPU
		{C5880A2D-A548-4E24-8E1E-3CC79AE61DCD}.Release|Any CPU.ActiveCfg = Release|Any CPU
		{C5880A2D-A548-4E24-8E1E-3CC79AE61DCD}.Release|Any CPU.Build.0 = Release|Any CPU
		{260F898E-1960-4C8D-99D1-08031DC1B8F0}.Debug|Any CPU.ActiveCfg = Debug|Any CPU
		{260F898E-1960-4C8D-99D1-08031DC1B8F0}.Debug|Any CPU.Build.0 = Debug|Any CPU
		{260F898E-1960-4C8D-99D1-08031DC1B8F0}.Release|Any CPU.ActiveCfg = Release|Any CPU
		{260F898E-1960-4C8D-99D1-08031DC1B8F0}.Release|Any CPU.Build.0 = Release|Any CPU
		{CB901576-7F68-40FC-AD97-DFAEA430F4BF}.Debug|Any CPU.ActiveCfg = Debug|Any CPU
		{CB901576-7F68-40FC-AD97-DFAEA430F4BF}.Debug|Any CPU.Build.0 = Debug|Any CPU
		{CB901576-7F68-40FC-AD97-DFAEA430F4BF}.Release|Any CPU.ActiveCfg = Release|Any CPU
		{CB901576-7F68-40FC-AD97-DFAEA430F4BF}.Release|Any CPU.Build.0 = Release|Any CPU
		{237D36B8-E619-49B1-932E-375E24FF0CCD}.Debug|Any CPU.ActiveCfg = Debug|Any CPU
		{237D36B8-E619-49B1-932E-375E24FF0CCD}.Debug|Any CPU.Build.0 = Debug|Any CPU
		{237D36B8-E619-49B1-932E-375E24FF0CCD}.Release|Any CPU.ActiveCfg = Release|Any CPU
		{237D36B8-E619-49B1-932E-375E24FF0CCD}.Release|Any CPU.Build.0 = Release|Any CPU
		{A15BCEAA-7205-43FE-93BE-18526A6B7108}.Debug|Any CPU.ActiveCfg = Debug|Any CPU
		{A15BCEAA-7205-43FE-93BE-18526A6B7108}.Debug|Any CPU.Build.0 = Debug|Any CPU
		{A15BCEAA-7205-43FE-93BE-18526A6B7108}.Release|Any CPU.ActiveCfg = Release|Any CPU
		{A15BCEAA-7205-43FE-93BE-18526A6B7108}.Release|Any CPU.Build.0 = Release|Any CPU
		{70AD80D4-9182-4586-A808-813AF4742FAF}.Debug|Any CPU.ActiveCfg = Debug|Any CPU
		{70AD80D4-9182-4586-A808-813AF4742FAF}.Debug|Any CPU.Build.0 = Debug|Any CPU
		{70AD80D4-9182-4586-A808-813AF4742FAF}.Release|Any CPU.ActiveCfg = Release|Any CPU
		{70AD80D4-9182-4586-A808-813AF4742FAF}.Release|Any CPU.Build.0 = Release|Any CPU
		{AF933BC7-C6AF-486B-A1EE-3553144D3997}.Debug|Any CPU.ActiveCfg = Debug|Any CPU
		{AF933BC7-C6AF-486B-A1EE-3553144D3997}.Debug|Any CPU.Build.0 = Debug|Any CPU
		{AF933BC7-C6AF-486B-A1EE-3553144D3997}.Release|Any CPU.ActiveCfg = Release|Any CPU
		{AF933BC7-C6AF-486B-A1EE-3553144D3997}.Release|Any CPU.Build.0 = Release|Any CPU
		{E84E4505-A9C2-41DF-9C04-D1795534B35D}.Debug|Any CPU.ActiveCfg = Debug|Any CPU
		{E84E4505-A9C2-41DF-9C04-D1795534B35D}.Debug|Any CPU.Build.0 = Debug|Any CPU
		{E84E4505-A9C2-41DF-9C04-D1795534B35D}.Release|Any CPU.ActiveCfg = Release|Any CPU
		{E84E4505-A9C2-41DF-9C04-D1795534B35D}.Release|Any CPU.Build.0 = Release|Any CPU
		{6A9F232D-457A-485A-AA74-F0F9CF5CA8D7}.Debug|Any CPU.ActiveCfg = Debug|Any CPU
		{6A9F232D-457A-485A-AA74-F0F9CF5CA8D7}.Debug|Any CPU.Build.0 = Debug|Any CPU
		{6A9F232D-457A-485A-AA74-F0F9CF5CA8D7}.Release|Any CPU.ActiveCfg = Release|Any CPU
		{6A9F232D-457A-485A-AA74-F0F9CF5CA8D7}.Release|Any CPU.Build.0 = Release|Any CPU
		{932098BA-04CB-4A75-8EC1-37A065B51357}.Debug|Any CPU.ActiveCfg = Debug|Any CPU
		{932098BA-04CB-4A75-8EC1-37A065B51357}.Debug|Any CPU.Build.0 = Debug|Any CPU
		{932098BA-04CB-4A75-8EC1-37A065B51357}.Release|Any CPU.ActiveCfg = Release|Any CPU
		{932098BA-04CB-4A75-8EC1-37A065B51357}.Release|Any CPU.Build.0 = Release|Any CPU
		{11A30954-A385-4916-832A-301E24A3E5DF}.Debug|Any CPU.ActiveCfg = Debug|Any CPU
		{11A30954-A385-4916-832A-301E24A3E5DF}.Debug|Any CPU.Build.0 = Debug|Any CPU
		{11A30954-A385-4916-832A-301E24A3E5DF}.Release|Any CPU.ActiveCfg = Release|Any CPU
		{11A30954-A385-4916-832A-301E24A3E5DF}.Release|Any CPU.Build.0 = Release|Any CPU
		{D967E66A-F83B-4180-B3F9-9F1F6EC1C5B3}.Debug|Any CPU.ActiveCfg = Debug|Any CPU
		{D967E66A-F83B-4180-B3F9-9F1F6EC1C5B3}.Debug|Any CPU.Build.0 = Debug|Any CPU
		{D967E66A-F83B-4180-B3F9-9F1F6EC1C5B3}.Release|Any CPU.ActiveCfg = Release|Any CPU
		{D967E66A-F83B-4180-B3F9-9F1F6EC1C5B3}.Release|Any CPU.Build.0 = Release|Any CPU
		{7259BBC6-6947-4591-9A7D-B5AC06C2491C}.Debug|Any CPU.ActiveCfg = Debug|Any CPU
		{7259BBC6-6947-4591-9A7D-B5AC06C2491C}.Debug|Any CPU.Build.0 = Debug|Any CPU
		{7259BBC6-6947-4591-9A7D-B5AC06C2491C}.Release|Any CPU.ActiveCfg = Release|Any CPU
		{7259BBC6-6947-4591-9A7D-B5AC06C2491C}.Release|Any CPU.Build.0 = Release|Any CPU
		{50CB3966-05C8-439B-A54F-68CD5E66AAE4}.Debug|Any CPU.ActiveCfg = Debug|Any CPU
		{50CB3966-05C8-439B-A54F-68CD5E66AAE4}.Debug|Any CPU.Build.0 = Debug|Any CPU
		{50CB3966-05C8-439B-A54F-68CD5E66AAE4}.Release|Any CPU.ActiveCfg = Release|Any CPU
		{50CB3966-05C8-439B-A54F-68CD5E66AAE4}.Release|Any CPU.Build.0 = Release|Any CPU
		{E9DCCE8C-7901-496C-BB23-F9E006995590}.Debug|Any CPU.ActiveCfg = Debug|Any CPU
		{E9DCCE8C-7901-496C-BB23-F9E006995590}.Debug|Any CPU.Build.0 = Debug|Any CPU
		{E9DCCE8C-7901-496C-BB23-F9E006995590}.Release|Any CPU.ActiveCfg = Release|Any CPU
		{E9DCCE8C-7901-496C-BB23-F9E006995590}.Release|Any CPU.Build.0 = Release|Any CPU
		{C3023442-4AB2-4AB2-AFDA-7410B8551B0F}.Debug|Any CPU.ActiveCfg = Debug|Any CPU
		{C3023442-4AB2-4AB2-AFDA-7410B8551B0F}.Debug|Any CPU.Build.0 = Debug|Any CPU
		{C3023442-4AB2-4AB2-AFDA-7410B8551B0F}.Release|Any CPU.ActiveCfg = Release|Any CPU
		{C3023442-4AB2-4AB2-AFDA-7410B8551B0F}.Release|Any CPU.Build.0 = Release|Any CPU
		{AC7C005A-8211-4E1E-9B0B-E46B2081E86C}.Debug|Any CPU.ActiveCfg = Debug|Any CPU
		{AC7C005A-8211-4E1E-9B0B-E46B2081E86C}.Debug|Any CPU.Build.0 = Debug|Any CPU
		{AC7C005A-8211-4E1E-9B0B-E46B2081E86C}.Release|Any CPU.ActiveCfg = Release|Any CPU
		{AC7C005A-8211-4E1E-9B0B-E46B2081E86C}.Release|Any CPU.Build.0 = Release|Any CPU
		{D7FB0749-480B-4E7B-A68F-C2A37DBB4E12}.Debug|Any CPU.ActiveCfg = Debug|Any CPU
		{D7FB0749-480B-4E7B-A68F-C2A37DBB4E12}.Debug|Any CPU.Build.0 = Debug|Any CPU
		{D7FB0749-480B-4E7B-A68F-C2A37DBB4E12}.Release|Any CPU.ActiveCfg = Release|Any CPU
		{D7FB0749-480B-4E7B-A68F-C2A37DBB4E12}.Release|Any CPU.Build.0 = Release|Any CPU
		{7F3F395C-1CAE-4F79-AF5D-208BD52E622D}.Debug|Any CPU.ActiveCfg = Debug|Any CPU
		{7F3F395C-1CAE-4F79-AF5D-208BD52E622D}.Debug|Any CPU.Build.0 = Debug|Any CPU
		{7F3F395C-1CAE-4F79-AF5D-208BD52E622D}.Release|Any CPU.ActiveCfg = Release|Any CPU
		{7F3F395C-1CAE-4F79-AF5D-208BD52E622D}.Release|Any CPU.Build.0 = Release|Any CPU
		{35041160-D2D0-43EC-A55D-1B7ED74762A9}.Debug|Any CPU.ActiveCfg = Debug|Any CPU
		{35041160-D2D0-43EC-A55D-1B7ED74762A9}.Debug|Any CPU.Build.0 = Debug|Any CPU
		{35041160-D2D0-43EC-A55D-1B7ED74762A9}.Release|Any CPU.ActiveCfg = Release|Any CPU
		{35041160-D2D0-43EC-A55D-1B7ED74762A9}.Release|Any CPU.Build.0 = Release|Any CPU
		{8D5D0A4A-0549-4962-8A60-76233559381D}.Debug|Any CPU.ActiveCfg = Debug|Any CPU
		{8D5D0A4A-0549-4962-8A60-76233559381D}.Debug|Any CPU.Build.0 = Debug|Any CPU
		{8D5D0A4A-0549-4962-8A60-76233559381D}.Release|Any CPU.ActiveCfg = Release|Any CPU
		{8D5D0A4A-0549-4962-8A60-76233559381D}.Release|Any CPU.Build.0 = Release|Any CPU
	EndGlobalSection
EndGlobal
