
Microsoft Visual Studio Solution File, Format Version 12.00
# Visual Studio Version 17
VisualStudioVersion = 17.5.002.0
MinimumVisualStudioVersion = 10.0.40219.1
Project("{9A19103F-16F7-4668-BE54-9A1E7A4F7556}") = "advent_13", "advent_13.csproj", "{63675724-F6F0-4578-8090-BC89B02F0DE5}"
EndProject
Global
	GlobalSection(SolutionConfigurationPlatforms) = preSolution
		Debug|Any CPU = Debug|Any CPU
		Release|Any CPU = Release|Any CPU
	EndGlobalSection
	GlobalSection(ProjectConfigurationPlatforms) = postSolution
		{63675724-F6F0-4578-8090-BC89B02F0DE5}.Debug|Any CPU.ActiveCfg = Debug|Any CPU
		{63675724-F6F0-4578-8090-BC89B02F0DE5}.Debug|Any CPU.Build.0 = Debug|Any CPU
		{63675724-F6F0-4578-8090-BC89B02F0DE5}.Release|Any CPU.ActiveCfg = Release|Any CPU
		{63675724-F6F0-4578-8090-BC89B02F0DE5}.Release|Any CPU.Build.0 = Release|Any CPU
	EndGlobalSection
	GlobalSection(SolutionProperties) = preSolution
		HideSolutionNode = FALSE
	EndGlobalSection
	GlobalSection(ExtensibilityGlobals) = postSolution
		SolutionGuid = {6B1267EB-1CD7-4478-89B0-78E03C38C5CF}
	EndGlobalSection
EndGlobal
